<?xml version="1.0" encoding="utf-8"?>
<Project ToolsVersion="4.0" xmlns="http://schemas.microsoft.com/developer/msbuild/2003">
  <ItemGroup>
    <ClCompile Include="..\code\main.cpp" />
    <ClCompile Include="..\code\GameSystem\Camera\Camera.cpp" />
    <ClCompile Include="..\code\GameSystem\Camera\Camera.ixx" />
    <ClCompile Include="..\code\MyLib\FileSystem\FileIO\CsvIO.ixx">
      <Filter>MyLib\FileSystem</Filter>
    </ClCompile>
    <ClCompile Include="..\code\MyLib\FileSystem\FileIO\JsonIO.ixx">
      <Filter>MyLib\FileSystem</Filter>
    </ClCompile>
    <ClCompile Include="..\code\MyLib\FileSystem\FileIO\MemMapFile.cpp">
      <Filter>MyLib\FileSystem</Filter>
    </ClCompile>
    <ClCompile Include="..\code\MyLib\FileSystem\FileIO\MemMapFile.ixx">
      <Filter>MyLib\FileSystem</Filter>
    </ClCompile>
    <ClCompile Include="..\code\MyLib\FileSystem\FileSystem.ixx">
      <Filter>MyLib\FileSystem</Filter>
    </ClCompile>
    <ClCompile Include="..\code\MyLib\Loading\Loading.cpp">
      <Filter>MyLib\Loading</Filter>
    </ClCompile>
    <ClCompile Include="..\code\MyLib\Loading\Loading.ixx">
      <Filter>MyLib\Loading</Filter>
    </ClCompile>
    <ClCompile Include="..\code\MyLib\Loading\LoadingContext.ixx">
      <Filter>MyLib\Loading</Filter>
    </ClCompile>
    <ClCompile Include="..\code\MyLib\Math\PropVector2.ixx">
      <Filter>MyLib\Math</Filter>
    </ClCompile>
    <ClCompile Include="..\code\MyLib\Math\Vector2.ixx">
      <Filter>MyLib\Math</Filter>
    </ClCompile>
    <ClCompile Include="..\code\MyLib\Shape\Circle.ixx">
      <Filter>MyLib\Shape</Filter>
    </ClCompile>
    <ClCompile Include="..\code\MyLib\Shape\Rect.ixx">
      <Filter>MyLib\Shape</Filter>
    </ClCompile>
    <ClCompile Include="..\code\MyLib\Input\ClickStatus.cpp">
      <Filter>MyLib\Input</Filter>
    </ClCompile>
    <ClCompile Include="..\code\MyLib\Input\ClickStatus.ixx">
      <Filter>MyLib\Input</Filter>
    </ClCompile>
    <ClCompile Include="..\code\MyLib\Input\KeyStatus.cpp">
      <Filter>MyLib\Input</Filter>
    </ClCompile>
    <ClCompile Include="..\code\MyLib\Input\KeyStatus.ixx">
      <Filter>MyLib\Input</Filter>
    </ClCompile>
    <ClCompile Include="..\code\MyLib\Input\KeyTag.ixx">
      <Filter>MyLib\Input</Filter>
    </ClCompile>
    <ClCompile Include="..\code\MyLib\Coroutine.ixx">
      <Filter>MyLib</Filter>
    </ClCompile>
    <ClCompile Include="..\code\MyLib\TileChunkUtil.ixx">
      <Filter>MyLib</Filter>
    </ClCompile>
    <ClCompile Include="..\code\Scene\Title\Title.ixx">
      <Filter>Scene\Title</Filter>
    </ClCompile>
    <ClCompile Include="..\code\Scene\Title\Title.cpp">
      <Filter>Scene\Title</Filter>
    </ClCompile>
    <ClCompile Include="..\code\Scene\Play\Play.ixx">
      <Filter>Scene\Play</Filter>
    </ClCompile>
    <ClCompile Include="..\code\Scene\Play\Play.cpp">
      <Filter>Scene\Play</Filter>
    </ClCompile>
    <ClCompile Include="..\code\Scene\Result\Result.cpp">
      <Filter>Scene\Result</Filter>
    </ClCompile>
    <ClCompile Include="..\code\Scene\Result\Result.ixx">
      <Filter>Scene\Result</Filter>
    </ClCompile>
    <ClCompile Include="..\code\Scene\SceneManager\SceneManager.cpp">
      <Filter>Scene\SceneManager</Filter>
    </ClCompile>
    <ClCompile Include="..\code\Scene\SceneManager\SceneManager.ixx">
      <Filter>Scene\SceneManager</Filter>
    </ClCompile>
    <ClCompile Include="..\code\Scene\SceneBase\SceneBase.ixx">
      <Filter>Scene</Filter>
    </ClCompile>
    <ClCompile Include="..\code\GameSystem\Execution\Execution.cpp">
      <Filter>GameSystem\Execution</Filter>
    </ClCompile>
    <ClCompile Include="..\code\GameSystem\Execution\Execution.ixx">
      <Filter>GameSystem\Execution</Filter>
    </ClCompile>
    <ClCompile Include="..\code\GameSystem\FrameRate\FrameRate.ixx">
      <Filter>GameSystem\FrameRate</Filter>
    </ClCompile>
    <ClCompile Include="..\code\GameSystem\FrameRate\FrameRate.cpp">
      <Filter>GameSystem\FrameRate</Filter>
    </ClCompile>
    <ClCompile Include="..\code\GameSystem\Library\Library.cpp">
      <Filter>GameSystem\Library</Filter>
    </ClCompile>
    <ClCompile Include="..\code\GameSystem\Library\Library.ixx">
      <Filter>GameSystem\Library</Filter>
    </ClCompile>
    <ClCompile Include="..\code\Object\GameObject\GameObject.cpp">
      <Filter>Object</Filter>
    </ClCompile>
    <ClCompile Include="..\code\Object\GameObject\GameObject.ixx">
      <Filter>Object</Filter>
    </ClCompile>
    <ClCompile Include="..\code\Object\Character\Player\Player.cpp">
      <Filter>Object\Player</Filter>
    </ClCompile>
    <ClCompile Include="..\code\Object\Character\Player\Player.ixx">
      <Filter>Object\Player</Filter>
    </ClCompile>
    <ClCompile Include="..\code\Object\Map\Map.ixx">
      <Filter>Object\Map</Filter>
    </ClCompile>
    <ClCompile Include="..\code\Object\Map\Map.cpp">
      <Filter>Object\Map</Filter>
    </ClCompile>
    <ClCompile Include="..\code\Object\ObjectManager\ObjectManager.cpp">
      <Filter>Object</Filter>
    </ClCompile>
    <ClCompile Include="..\code\Object\ObjectManager\ObjectManager.ixx">
      <Filter>Object</Filter>
    </ClCompile>
  </ItemGroup>
  <ItemGroup>
    <Filter Include="MyLib">
      <UniqueIdentifier>{1e18330c-3a13-461b-bbb2-5b43381f3b24}</UniqueIdentifier>
    </Filter>
    <Filter Include="MyLib\Input">
      <UniqueIdentifier>{adacd155-da8a-4420-b921-229e1c2ae327}</UniqueIdentifier>
    </Filter>
    <Filter Include="MyLib\FileSystem">
      <UniqueIdentifier>{2b4ed79b-0779-4f89-990a-bb7aff0062c0}</UniqueIdentifier>
    </Filter>
    <Filter Include="MyLib\Loading">
      <UniqueIdentifier>{00f2cacd-6f4b-4d75-8689-fb1f31cb01e5}</UniqueIdentifier>
    </Filter>
    <Filter Include="MyLib\Math">
      <UniqueIdentifier>{f06fe9b2-212d-4356-bccf-6a27f7a69238}</UniqueIdentifier>
    </Filter>
    <Filter Include="MyLib\Shape">
      <UniqueIdentifier>{e8f75fee-fe96-4da6-91a1-7a3ee485fb9c}</UniqueIdentifier>
    </Filter>
    <Filter Include="Scene">
      <UniqueIdentifier>{4a866e4b-4838-4ac8-845d-1582b493a86f}</UniqueIdentifier>
    </Filter>
    <Filter Include="Scene\Title">
      <UniqueIdentifier>{94db8dad-f196-4dd0-84b3-28d24d8c890a}</UniqueIdentifier>
    </Filter>
    <Filter Include="Scene\Play">
      <UniqueIdentifier>{34060fe0-1ce4-4820-b07a-1898eaf33ad1}</UniqueIdentifier>
    </Filter>
    <Filter Include="Scene\Result">
      <UniqueIdentifier>{6599062b-fd52-46c4-aada-5f6297092f8d}</UniqueIdentifier>
    </Filter>
    <Filter Include="Scene\SceneManager">
      <UniqueIdentifier>{177c8a37-0bd1-468b-94d2-171ce7579acf}</UniqueIdentifier>
    </Filter>
    <Filter Include="GameSystem">
      <UniqueIdentifier>{b1ff7127-31a9-4a43-bfb0-b8f9887921a2}</UniqueIdentifier>
    </Filter>
    <Filter Include="GameSystem\Execution">
      <UniqueIdentifier>{cf9b4710-2636-49f5-8210-06ad87c3c8e0}</UniqueIdentifier>
    </Filter>
    <Filter Include="GameSystem\FrameRate">
      <UniqueIdentifier>{fcc8e8c0-b72e-41ac-ac0b-64651ca386bb}</UniqueIdentifier>
    </Filter>
    <Filter Include="GameSystem\Library">
      <UniqueIdentifier>{87b9a9c7-bb1b-459a-8dfa-5b884a3e7fcc}</UniqueIdentifier>
    </Filter>
    <Filter Include="Object">
      <UniqueIdentifier>{9a6d8b58-5512-410e-888d-29b5c3802b42}</UniqueIdentifier>
    </Filter>
    <Filter Include="Object\Player">
      <UniqueIdentifier>{381107f5-1593-4b09-a828-7a7a821c9df6}</UniqueIdentifier>
    </Filter>
    <Filter Include="Object\Map">
      <UniqueIdentifier>{5dcac688-e9ad-41b0-a5c4-c71d9ad4ceea}</UniqueIdentifier>
    </Filter>
  </ItemGroup>
</Project>